
Microsoft Visual Studio Solution File, Format Version 12.00
# Visual Studio 15
VisualStudioVersion = 15.0.26124.0
MinimumVisualStudioVersion = 15.0.26124.0
Project("{2150E333-8FDC-42A3-9474-1A3956D46DE8}") = "Classroom", "Classroom", "{717081FA-23AE-4D61-9666-EDE82A2F4687}"
EndProject
Project("{FAE04EC0-301F-11D3-BF4B-00C04F79EFBC}") = "GCRBot", "Classroom\GCRBot\GCRBot.csproj", "{18008948-A7FC-4195-9896-7CDE566E2220}"
EndProject
Project("{FAE04EC0-301F-11D3-BF4B-00C04F79EFBC}") = "Automation", "Classroom\Automation\Automation.csproj", "{7ACABABE-BFAC-40FC-A8AD-CD79CC10DFB0}"
EndProject
Project("{2150E333-8FDC-42A3-9474-1A3956D46DE8}") = "Meet", "Meet", "{AA1085F5-C3D5-419D-BFA4-EB522F117766}"
EndProject
Project("{FAE04EC0-301F-11D3-BF4B-00C04F79EFBC}") = "Automation", "Meet\Automation\Automation.csproj", "{5A5790B3-78E3-4D22-BA64-08ACB812C5CC}"
EndProject
Project("{FAE04EC0-301F-11D3-BF4B-00C04F79EFBC}") = "MeetGBot", "Meet\MeetGBot\MeetGBot.csproj", "{2A9837C2-3BDB-40DA-AACA-DA35B2CDB841}"
EndProject
Global
	GlobalSection(SolutionConfigurationPlatforms) = preSolution
		Debug|Any CPU = Debug|Any CPU
		Debug|x64 = Debug|x64
		Debug|x86 = Debug|x86
		Release|Any CPU = Release|Any CPU
		Release|x64 = Release|x64
		Release|x86 = Release|x86
	EndGlobalSection
	GlobalSection(SolutionProperties) = preSolution
		HideSolutionNode = FALSE
	EndGlobalSection
	GlobalSection(ProjectConfigurationPlatforms) = postSolution
		{18008948-A7FC-4195-9896-7CDE566E2220}.Debug|Any CPU.ActiveCfg = Debug|Any CPU
		{18008948-A7FC-4195-9896-7CDE566E2220}.Debug|Any CPU.Build.0 = Debug|Any CPU
		{18008948-A7FC-4195-9896-7CDE566E2220}.Debug|x64.ActiveCfg = Debug|Any CPU
		{18008948-A7FC-4195-9896-7CDE566E2220}.Debug|x64.Build.0 = Debug|Any CPU
		{18008948-A7FC-4195-9896-7CDE566E2220}.Debug|x86.ActiveCfg = Debug|Any CPU
		{18008948-A7FC-4195-9896-7CDE566E2220}.Debug|x86.Build.0 = Debug|Any CPU
		{18008948-A7FC-4195-9896-7CDE566E2220}.Release|Any CPU.ActiveCfg = Release|Any CPU
		{18008948-A7FC-4195-9896-7CDE566E2220}.Release|Any CPU.Build.0 = Release|Any CPU
		{18008948-A7FC-4195-9896-7CDE566E2220}.Release|x64.ActiveCfg = Release|Any CPU
		{18008948-A7FC-4195-9896-7CDE566E2220}.Release|x64.Build.0 = Release|Any CPU
		{18008948-A7FC-4195-9896-7CDE566E2220}.Release|x86.ActiveCfg = Release|Any CPU
		{18008948-A7FC-4195-9896-7CDE566E2220}.Release|x86.Build.0 = Release|Any CPU
		{7ACABABE-BFAC-40FC-A8AD-CD79CC10DFB0}.Debug|Any CPU.ActiveCfg = Debug|Any CPU
		{7ACABABE-BFAC-40FC-A8AD-CD79CC10DFB0}.Debug|Any CPU.Build.0 = Debug|Any CPU
		{7ACABABE-BFAC-40FC-A8AD-CD79CC10DFB0}.Debug|x64.ActiveCfg = Debug|Any CPU
		{7ACABABE-BFAC-40FC-A8AD-CD79CC10DFB0}.Debug|x64.Build.0 = Debug|Any CPU
		{7ACABABE-BFAC-40FC-A8AD-CD79CC10DFB0}.Debug|x86.ActiveCfg = Debug|Any CPU
		{7ACABABE-BFAC-40FC-A8AD-CD79CC10DFB0}.Debug|x86.Build.0 = Debug|Any CPU
		{7ACABABE-BFAC-40FC-A8AD-CD79CC10DFB0}.Release|Any CPU.ActiveCfg = Release|Any CPU
		{7ACABABE-BFAC-40FC-A8AD-CD79CC10DFB0}.Release|Any CPU.Build.0 = Release|Any CPU
		{7ACABABE-BFAC-40FC-A8AD-CD79CC10DFB0}.Release|x64.ActiveCfg = Release|Any CPU
		{7ACABABE-BFAC-40FC-A8AD-CD79CC10DFB0}.Release|x64.Build.0 = Release|Any CPU
		{7ACABABE-BFAC-40FC-A8AD-CD79CC10DFB0}.Release|x86.ActiveCfg = Release|Any CPU
		{7ACABABE-BFAC-40FC-A8AD-CD79CC10DFB0}.Release|x86.Build.0 = Release|Any CPU
		{5A5790B3-78E3-4D22-BA64-08ACB812C5CC}.Debug|Any CPU.ActiveCfg = Debug|Any CPU
		{5A5790B3-78E3-4D22-BA64-08ACB812C5CC}.Debug|Any CPU.Build.0 = Debug|Any CPU
		{5A5790B3-78E3-4D22-BA64-08ACB812C5CC}.Debug|x64.ActiveCfg = Debug|Any CPU
		{5A5790B3-78E3-4D22-BA64-08ACB812C5CC}.Debug|x64.Build.0 = Debug|Any CPU
		{5A5790B3-78E3-4D22-BA64-08ACB812C5CC}.Debug|x86.ActiveCfg = Debug|Any CPU
		{5A5790B3-78E3-4D22-BA64-08ACB812C5CC}.Debug|x86.Build.0 = Debug|Any CPU
		{5A5790B3-78E3-4D22-BA64-08ACB812C5CC}.Release|Any CPU.ActiveCfg = Release|Any CPU
		{5A5790B3-78E3-4D22-BA64-08ACB812C5CC}.Release|Any CPU.Build.0 = Release|Any CPU
		{5A5790B3-78E3-4D22-BA64-08ACB812C5CC}.Release|x64.ActiveCfg = Release|Any CPU
		{5A5790B3-78E3-4D22-BA64-08ACB812C5CC}.Release|x64.Build.0 = Release|Any CPU
		{5A5790B3-78E3-4D22-BA64-08ACB812C5CC}.Release|x86.ActiveCfg = Release|Any CPU
		{5A5790B3-78E3-4D22-BA64-08ACB812C5CC}.Release|x86.Build.0 = Release|Any CPU
		{B8901BB4-2DE1-4314-B350-1002842F2230}.Debug|Any CPU.ActiveCfg = Debug|Any CPU
		{B8901BB4-2DE1-4314-B350-1002842F2230}.Debug|Any CPU.Build.0 = Debug|Any CPU
		{B8901BB4-2DE1-4314-B350-1002842F2230}.Debug|x64.ActiveCfg = Debug|Any CPU
		{B8901BB4-2DE1-4314-B350-1002842F2230}.Debug|x64.Build.0 = Debug|Any CPU
		{B8901BB4-2DE1-4314-B350-1002842F2230}.Debug|x86.ActiveCfg = Debug|Any CPU
		{B8901BB4-2DE1-4314-B350-1002842F2230}.Debug|x86.Build.0 = Debug|Any CPU
		{B8901BB4-2DE1-4314-B350-1002842F2230}.Release|Any CPU.ActiveCfg = Release|Any CPU
		{B8901BB4-2DE1-4314-B350-1002842F2230}.Release|Any CPU.Build.0 = Release|Any CPU
		{B8901BB4-2DE1-4314-B350-1002842F2230}.Release|x64.ActiveCfg = Release|Any CPU
		{B8901BB4-2DE1-4314-B350-1002842F2230}.Release|x64.Build.0 = Release|Any CPU
		{B8901BB4-2DE1-4314-B350-1002842F2230}.Release|x86.ActiveCfg = Release|Any CPU
		{B8901BB4-2DE1-4314-B350-1002842F2230}.Release|x86.Build.0 = Release|Any CPU
		{2A9837C2-3BDB-40DA-AACA-DA35B2CDB841}.Debug|Any CPU.ActiveCfg = Debug|Any CPU
		{2A9837C2-3BDB-40DA-AACA-DA35B2CDB841}.Debug|Any CPU.Build.0 = Debug|Any CPU
		{2A9837C2-3BDB-40DA-AACA-DA35B2CDB841}.Debug|x64.ActiveCfg = Debug|Any CPU
		{2A9837C2-3BDB-40DA-AACA-DA35B2CDB841}.Debug|x64.Build.0 = Debug|Any CPU
		{2A9837C2-3BDB-40DA-AACA-DA35B2CDB841}.Debug|x86.ActiveCfg = Debug|Any CPU
		{2A9837C2-3BDB-40DA-AACA-DA35B2CDB841}.Debug|x86.Build.0 = Debug|Any CPU
		{2A9837C2-3BDB-40DA-AACA-DA35B2CDB841}.Release|Any CPU.ActiveCfg = Release|Any CPU
		{2A9837C2-3BDB-40DA-AACA-DA35B2CDB841}.Release|Any CPU.Build.0 = Release|Any CPU
		{2A9837C2-3BDB-40DA-AACA-DA35B2CDB841}.Release|x64.ActiveCfg = Release|Any CPU
		{2A9837C2-3BDB-40DA-AACA-DA35B2CDB841}.Release|x64.Build.0 = Release|Any CPU
		{2A9837C2-3BDB-40DA-AACA-DA35B2CDB841}.Release|x86.ActiveCfg = Release|Any CPU
		{2A9837C2-3BDB-40DA-AACA-DA35B2CDB841}.Release|x86.Build.0 = Release|Any CPU
	EndGlobalSection
	GlobalSection(NestedProjects) = preSolution
		{18008948-A7FC-4195-9896-7CDE566E2220} = {717081FA-23AE-4D61-9666-EDE82A2F4687}
		{7ACABABE-BFAC-40FC-A8AD-CD79CC10DFB0} = {717081FA-23AE-4D61-9666-EDE82A2F4687}
		{5A5790B3-78E3-4D22-BA64-08ACB812C5CC} = {AA1085F5-C3D5-419D-BFA4-EB522F117766}
		{B8901BB4-2DE1-4314-B350-1002842F2230} = {AA1085F5-C3D5-419D-BFA4-EB522F117766}
		{2A9837C2-3BDB-40DA-AACA-DA35B2CDB841} = {AA1085F5-C3D5-419D-BFA4-EB522F117766}
	EndGlobalSection
EndGlobal
